
Microsoft Visual Studio Solution File, Format Version 12.00
# Visual Studio Version 17
VisualStudioVersion = 17.8.34309.116
MinimumVisualStudioVersion = 10.0.40219.1
Project("{9A19103F-16F7-4668-BE54-9A1E7A4F7556}") = "CHERRY.DAL", "CHERRY.DAL\CHERRY.DAL.csproj", "{F1C629EF-82D6-45EB-A8BC-BADCC65FCA34}"
EndProject
Project("{9A19103F-16F7-4668-BE54-9A1E7A4F7556}") = "CHERRY.BUS", "CHERRY.BUS\CHERRY.BUS.csproj", "{91675AC4-D3F3-4F02-8F7F-FEC34F3182A8}"
EndProject
Project("{9A19103F-16F7-4668-BE54-9A1E7A4F7556}") = "CHERRY.API", "CHERRY.API\CHERRY.API.csproj", "{28E7C342-DA9F-421D-80D6-33200D7E3D73}"
EndProject
Project("{9A19103F-16F7-4668-BE54-9A1E7A4F7556}") = "CHERRY.Utilities", "CHERRY.Utilities\CHERRY.Utilities.csproj", "{F548F7A5-8573-46D5-AD9C-426933395190}"
EndProject
Project("{9A19103F-16F7-4668-BE54-9A1E7A4F7556}") = "CHERRY.UI", "CHERRY.UI\CHERRY.UI.csproj", "{DC4F04AC-1061-4E88-8920-F449B99E4D04}"
EndProject
Global
	GlobalSection(SolutionConfigurationPlatforms) = preSolution
		Debug|Any CPU = Debug|Any CPU
		Release|Any CPU = Release|Any CPU
	EndGlobalSection
	GlobalSection(ProjectConfigurationPlatforms) = postSolution
		{F1C629EF-82D6-45EB-A8BC-BADCC65FCA34}.Debug|Any CPU.ActiveCfg = Debug|Any CPU
		{F1C629EF-82D6-45EB-A8BC-BADCC65FCA34}.Debug|Any CPU.Build.0 = Debug|Any CPU
		{F1C629EF-82D6-45EB-A8BC-BADCC65FCA34}.Release|Any CPU.ActiveCfg = Release|Any CPU
		{F1C629EF-82D6-45EB-A8BC-BADCC65FCA34}.Release|Any CPU.Build.0 = Release|Any CPU
		{91675AC4-D3F3-4F02-8F7F-FEC34F3182A8}.Debug|Any CPU.ActiveCfg = Debug|Any CPU
		{91675AC4-D3F3-4F02-8F7F-FEC34F3182A8}.Debug|Any CPU.Build.0 = Debug|Any CPU
		{91675AC4-D3F3-4F02-8F7F-FEC34F3182A8}.Release|Any CPU.ActiveCfg = Release|Any CPU
		{91675AC4-D3F3-4F02-8F7F-FEC34F3182A8}.Release|Any CPU.Build.0 = Release|Any CPU
		{28E7C342-DA9F-421D-80D6-33200D7E3D73}.Debug|Any CPU.ActiveCfg = Debug|Any CPU
		{28E7C342-DA9F-421D-80D6-33200D7E3D73}.Debug|Any CPU.Build.0 = Debug|Any CPU
		{28E7C342-DA9F-421D-80D6-33200D7E3D73}.Release|Any CPU.ActiveCfg = Release|Any CPU
		{28E7C342-DA9F-421D-80D6-33200D7E3D73}.Release|Any CPU.Build.0 = Release|Any CPU
		{F548F7A5-8573-46D5-AD9C-426933395190}.Debug|Any CPU.ActiveCfg = Debug|Any CPU
		{F548F7A5-8573-46D5-AD9C-426933395190}.Debug|Any CPU.Build.0 = Debug|Any CPU
		{F548F7A5-8573-46D5-AD9C-426933395190}.Release|Any CPU.ActiveCfg = Release|Any CPU
		{F548F7A5-8573-46D5-AD9C-426933395190}.Release|Any CPU.Build.0 = Release|Any CPU
		{DC4F04AC-1061-4E88-8920-F449B99E4D04}.Debug|Any CPU.ActiveCfg = Debug|Any CPU
		{DC4F04AC-1061-4E88-8920-F449B99E4D04}.Debug|Any CPU.Build.0 = Debug|Any CPU
		{DC4F04AC-1061-4E88-8920-F449B99E4D04}.Release|Any CPU.ActiveCfg = Release|Any CPU
		{DC4F04AC-1061-4E88-8920-F449B99E4D04}.Release|Any CPU.Build.0 = Release|Any CPU
	EndGlobalSection
	GlobalSection(SolutionProperties) = preSolution
		HideSolutionNode = FALSE
	EndGlobalSection
	GlobalSection(ExtensibilityGlobals) = postSolution
		SolutionGuid = {EB0DC9BF-FCDC-4410-BA5A-D930CB637195}
	EndGlobalSection
EndGlobal
